Microsoft Visual Studio Solution File, Format Version 11.00
# Visual Studio 2008

Project("{2566ECC6-9040-F28C-3A95-34DC00780742}") = "CSCI526_mar28_3PM", "Assembly-CSharp.csproj", "{E4830A46-A1F7-3D53-7734-D8A6E52B72CE}"
EndProject
Project("{2566ECC6-9040-F28C-3A95-34DC00780742}") = "CSCI526_mar28_3PM", "Assembly-CSharp-Editor.csproj", "{A37DBF37-0F05-858E-BCC5-E2D1118BA2D7}"
EndProject
Project("{2566ECC6-9040-F28C-3A95-34DC00780742}") = "CSCI526_mar28_3PM", "Assembly-UnityScript.unityproj", "{2D51B727-E96B-7330-F296-5F07677BE1D7}"
EndProject
Global
	GlobalSection(SolutionConfigurationPlatforms) = preSolution
		Debug|Any CPU = Debug|Any CPU
		Release|Any CPU = Release|Any CPU
	EndGlobalSection
	GlobalSection(ProjectConfigurationPlatforms) = postSolution
		{E4830A46-A1F7-3D53-7734-D8A6E52B72CE}.Debug|Any CPU.ActiveCfg = Debug|Any CPU
		{E4830A46-A1F7-3D53-7734-D8A6E52B72CE}.Debug|Any CPU.Build.0 = Debug|Any CPU
		{E4830A46-A1F7-3D53-7734-D8A6E52B72CE}.Release|Any CPU.ActiveCfg = Release|Any CPU
		{E4830A46-A1F7-3D53-7734-D8A6E52B72CE}.Release|Any CPU.Build.0 = Release|Any CPU
		{A37DBF37-0F05-858E-BCC5-E2D1118BA2D7}.Debug|Any CPU.ActiveCfg = Debug|Any CPU
		{A37DBF37-0F05-858E-BCC5-E2D1118BA2D7}.Debug|Any CPU.Build.0 = Debug|Any CPU
		{A37DBF37-0F05-858E-BCC5-E2D1118BA2D7}.Release|Any CPU.ActiveCfg = Release|Any CPU
		{A37DBF37-0F05-858E-BCC5-E2D1118BA2D7}.Release|Any CPU.Build.0 = Release|Any CPU
		{2D51B727-E96B-7330-F296-5F07677BE1D7}.Debug|Any CPU.ActiveCfg = Debug|Any CPU
		{2D51B727-E96B-7330-F296-5F07677BE1D7}.Debug|Any CPU.Build.0 = Debug|Any CPU
		{2D51B727-E96B-7330-F296-5F07677BE1D7}.Release|Any CPU.ActiveCfg = Release|Any CPU
		{2D51B727-E96B-7330-F296-5F07677BE1D7}.Release|Any CPU.Build.0 = Release|Any CPU
	EndGlobalSection
	GlobalSection(SolutionProperties) = preSolution
		HideSolutionNode = FALSE
	EndGlobalSection
							GlobalSection(MonoDevelopProperties) = preSolution
		StartupItem = Assembly-CSharp.csproj
		Policies = $0
		$0.TextStylePolicy = $1
		$1.inheritsSet = null
		$1.scope = text/x-csharp
		$0.CSharpFormattingPolicy = $2
		$2.inheritsSet = Mono
		$2.inheritsScope = text/x-csharp
		$2.scope = text/x-csharp
		$0.TextStylePolicy = $3
		$3.FileWidth = 120
		$3.TabWidth = 4
		$3.IndentWidth = 4
		$3.EolMarker = Unix
		$3.inheritsSet = Mono
		$3.inheritsScope = text/plain
		$3.scope = text/plain
	EndGlobalSection

EndGlobal
